{
    "hash": "cb86e7f2871dfbbc52129a45b325ca4c",
    "packages": [
        {
            "package": "dflydev/markdown",
            "version": "v1.0.2"
        },
        {
            "package": "twig/twig",
            "version": "v1.9.1"
        }
    ],
    "packages-dev": null,
    "aliases": [

    ],
    "minimum-stability": "stable",
    "stability-flags": [

    ]
}
